
Microsoft Visual Studio Solution File, Format Version 12.00
# Visual Studio 14
VisualStudioVersion = 14.0.25123.0
MinimumVisualStudioVersion = 10.0.40219.1
Project("{FAE04EC0-301F-11D3-BF4B-00C04F79EFBC}") = "AndroidXamarin.Droid", "AndroidXamarin\AndroidXamarin.Droid\AndroidXamarin.Droid.csproj", "{41AFDFD9-32F7-49F2-8E47-367FB633EFDE}"
EndProject
Project("{FAE04EC0-301F-11D3-BF4B-00C04F79EFBC}") = "AndroidXamarin.iOS", "AndroidXamarin\AndroidXamarin.iOS\AndroidXamarin.iOS.csproj", "{14CCC41A-441B-4A6A-B7D5-BA97E6C42E35}"
EndProject
Project("{FAE04EC0-301F-11D3-BF4B-00C04F79EFBC}") = "AndroidXamarin.WinPhone", "AndroidXamarin\AndroidXamarin.WinPhone\AndroidXamarin.WinPhone.csproj", "{3E357418-0116-41B5-AEC5-5CE144EB8D07}"
EndProject
Project("{FAE04EC0-301F-11D3-BF4B-00C04F79EFBC}") = "AndroidXamarin.Windows", "AndroidXamarin\AndroidXamarin.Windows\AndroidXamarin.Windows.csproj", "{2FD3D3B5-1965-4AC5-8ACE-FABE8B57A86A}"
EndProject
Project("{FAE04EC0-301F-11D3-BF4B-00C04F79EFBC}") = "AndroidXamarin", "AndroidXamarin\AndroidXamarin\AndroidXamarin.csproj", "{41E5A73A-DF6A-4995-80B2-3C9FCBCB6DE5}"
EndProject
Global
	GlobalSection(SolutionConfigurationPlatforms) = preSolution
		Ad-Hoc|Any CPU = Ad-Hoc|Any CPU
		Ad-Hoc|ARM = Ad-Hoc|ARM
		Ad-Hoc|iPhone = Ad-Hoc|iPhone
		Ad-Hoc|iPhoneSimulator = Ad-Hoc|iPhoneSimulator
		Ad-Hoc|x64 = Ad-Hoc|x64
		Ad-Hoc|x86 = Ad-Hoc|x86
		AppStore|Any CPU = AppStore|Any CPU
		AppStore|ARM = AppStore|ARM
		AppStore|iPhone = AppStore|iPhone
		AppStore|iPhoneSimulator = AppStore|iPhoneSimulator
		AppStore|x64 = AppStore|x64
		AppStore|x86 = AppStore|x86
		Debug|Any CPU = Debug|Any CPU
		Debug|ARM = Debug|ARM
		Debug|iPhone = Debug|iPhone
		Debug|iPhoneSimulator = Debug|iPhoneSimulator
		Debug|x64 = Debug|x64
		Debug|x86 = Debug|x86
		Release|Any CPU = Release|Any CPU
		Release|ARM = Release|ARM
		Release|iPhone = Release|iPhone
		Release|iPhoneSimulator = Release|iPhoneSimulator
		Release|x64 = Release|x64
		Release|x86 = Release|x86
	EndGlobalSection
	GlobalSection(ProjectConfigurationPlatforms) = postSolution
		{41AFDFD9-32F7-49F2-8E47-367FB633EFDE}.Ad-Hoc|Any CPU.ActiveCfg = Release|Any CPU
		{41AFDFD9-32F7-49F2-8E47-367FB633EFDE}.Ad-Hoc|Any CPU.Build.0 = Release|Any CPU
		{41AFDFD9-32F7-49F2-8E47-367FB633EFDE}.Ad-Hoc|Any CPU.Deploy.0 = Release|Any CPU
		{41AFDFD9-32F7-49F2-8E47-367FB633EFDE}.Ad-Hoc|ARM.ActiveCfg = Release|Any CPU
		{41AFDFD9-32F7-49F2-8E47-367FB633EFDE}.Ad-Hoc|ARM.Build.0 = Release|Any CPU
		{41AFDFD9-32F7-49F2-8E47-367FB633EFDE}.Ad-Hoc|ARM.Deploy.0 = Release|Any CPU
		{41AFDFD9-32F7-49F2-8E47-367FB633EFDE}.Ad-Hoc|iPhone.ActiveCfg = Release|Any CPU
		{41AFDFD9-32F7-49F2-8E47-367FB633EFDE}.Ad-Hoc|iPhone.Build.0 = Release|Any CPU
		{41AFDFD9-32F7-49F2-8E47-367FB633EFDE}.Ad-Hoc|iPhone.Deploy.0 = Release|Any CPU
		{41AFDFD9-32F7-49F2-8E47-367FB633EFDE}.Ad-Hoc|iPhoneSimulator.ActiveCfg = Release|Any CPU
		{41AFDFD9-32F7-49F2-8E47-367FB633EFDE}.Ad-Hoc|iPhoneSimulator.Build.0 = Release|Any CPU
		{41AFDFD9-32F7-49F2-8E47-367FB633EFDE}.Ad-Hoc|iPhoneSimulator.Deploy.0 = Release|Any CPU
		{41AFDFD9-32F7-49F2-8E47-367FB633EFDE}.Ad-Hoc|x64.ActiveCfg = Release|Any CPU
		{41AFDFD9-32F7-49F2-8E47-367FB633EFDE}.Ad-Hoc|x64.Build.0 = Release|Any CPU
		{41AFDFD9-32F7-49F2-8E47-367FB633EFDE}.Ad-Hoc|x64.Deploy.0 = Release|Any CPU
		{41AFDFD9-32F7-49F2-8E47-367FB633EFDE}.Ad-Hoc|x86.ActiveCfg = Release|Any CPU
		{41AFDFD9-32F7-49F2-8E47-367FB633EFDE}.Ad-Hoc|x86.Build.0 = Release|Any CPU
		{41AFDFD9-32F7-49F2-8E47-367FB633EFDE}.Ad-Hoc|x86.Deploy.0 = Release|Any CPU
		{41AFDFD9-32F7-49F2-8E47-367FB633EFDE}.AppStore|Any CPU.ActiveCfg = Release|Any CPU
		{41AFDFD9-32F7-49F2-8E47-367FB633EFDE}.AppStore|Any CPU.Build.0 = Release|Any CPU
		{41AFDFD9-32F7-49F2-8E47-367FB633EFDE}.AppStore|Any CPU.Deploy.0 = Release|Any CPU
		{41AFDFD9-32F7-49F2-8E47-367FB633EFDE}.AppStore|ARM.ActiveCfg = Release|Any CPU
		{41AFDFD9-32F7-49F2-8E47-367FB633EFDE}.AppStore|ARM.Build.0 = Release|Any CPU
		{41AFDFD9-32F7-49F2-8E47-367FB633EFDE}.AppStore|ARM.Deploy.0 = Release|Any CPU
		{41AFDFD9-32F7-49F2-8E47-367FB633EFDE}.AppStore|iPhone.ActiveCfg = Release|Any CPU
		{41AFDFD9-32F7-49F2-8E47-367FB633EFDE}.AppStore|iPhone.Build.0 = Release|Any CPU
		{41AFDFD9-32F7-49F2-8E47-367FB633EFDE}.AppStore|iPhone.Deploy.0 = Release|Any CPU
		{41AFDFD9-32F7-49F2-8E47-367FB633EFDE}.AppStore|iPhoneSimulator.ActiveCfg = Release|Any CPU
		{41AFDFD9-32F7-49F2-8E47-367FB633EFDE}.AppStore|iPhoneSimulator.Build.0 = Release|Any CPU
		{41AFDFD9-32F7-49F2-8E47-367FB633EFDE}.AppStore|iPhoneSimulator.Deploy.0 = Release|Any CPU
		{41AFDFD9-32F7-49F2-8E47-367FB633EFDE}.AppStore|x64.ActiveCfg = Release|Any CPU
		{41AFDFD9-32F7-49F2-8E47-367FB633EFDE}.AppStore|x64.Build.0 = Release|Any CPU
		{41AFDFD9-32F7-49F2-8E47-367FB633EFDE}.AppStore|x64.Deploy.0 = Release|Any CPU
		{41AFDFD9-32F7-49F2-8E47-367FB633EFDE}.AppStore|x86.ActiveCfg = Release|Any CPU
		{41AFDFD9-32F7-49F2-8E47-367FB633EFDE}.AppStore|x86.Build.0 = Release|Any CPU
		{41AFDFD9-32F7-49F2-8E47-367FB633EFDE}.AppStore|x86.Deploy.0 = Release|Any CPU
		{41AFDFD9-32F7-49F2-8E47-367FB633EFDE}.Debug|Any CPU.ActiveCfg = Debug|Any CPU
		{41AFDFD9-32F7-49F2-8E47-367FB633EFDE}.Debug|Any CPU.Build.0 = Debug|Any CPU
		{41AFDFD9-32F7-49F2-8E47-367FB633EFDE}.Debug|Any CPU.Deploy.0 = Debug|Any CPU
		{41AFDFD9-32F7-49F2-8E47-367FB633EFDE}.Debug|ARM.ActiveCfg = Debug|Any CPU
		{41AFDFD9-32F7-49F2-8E47-367FB633EFDE}.Debug|ARM.Build.0 = Debug|Any CPU
		{41AFDFD9-32F7-49F2-8E47-367FB633EFDE}.Debug|ARM.Deploy.0 = Debug|Any CPU
		{41AFDFD9-32F7-49F2-8E47-367FB633EFDE}.Debug|iPhone.ActiveCfg = Debug|Any CPU
		{41AFDFD9-32F7-49F2-8E47-367FB633EFDE}.Debug|iPhone.Build.0 = Debug|Any CPU
		{41AFDFD9-32F7-49F2-8E47-367FB633EFDE}.Debug|iPhone.Deploy.0 = Debug|Any CPU
		{41AFDFD9-32F7-49F2-8E47-367FB633EFDE}.Debug|iPhoneSimulator.ActiveCfg = Debug|Any CPU
		{41AFDFD9-32F7-49F2-8E47-367FB633EFDE}.Debug|iPhoneSimulator.Build.0 = Debug|Any CPU
		{41AFDFD9-32F7-49F2-8E47-367FB633EFDE}.Debug|iPhoneSimulator.Deploy.0 = Debug|Any CPU
		{41AFDFD9-32F7-49F2-8E47-367FB633EFDE}.Debug|x64.ActiveCfg = Debug|Any CPU
		{41AFDFD9-32F7-49F2-8E47-367FB633EFDE}.Debug|x64.Build.0 = Debug|Any CPU
		{41AFDFD9-32F7-49F2-8E47-367FB633EFDE}.Debug|x64.Deploy.0 = Debug|Any CPU
		{41AFDFD9-32F7-49F2-8E47-367FB633EFDE}.Debug|x86.ActiveCfg = Debug|Any CPU
		{41AFDFD9-32F7-49F2-8E47-367FB633EFDE}.Debug|x86.Build.0 = Debug|Any CPU
		{41AFDFD9-32F7-49F2-8E47-367FB633EFDE}.Debug|x86.Deploy.0 = Debug|Any CPU
		{41AFDFD9-32F7-49F2-8E47-367FB633EFDE}.Release|Any CPU.ActiveCfg = Release|Any CPU
		{41AFDFD9-32F7-49F2-8E47-367FB633EFDE}.Release|Any CPU.Build.0 = Release|Any CPU
		{41AFDFD9-32F7-49F2-8E47-367FB633EFDE}.Release|Any CPU.Deploy.0 = Release|Any CPU
		{41AFDFD9-32F7-49F2-8E47-367FB633EFDE}.Release|ARM.ActiveCfg = Release|Any CPU
		{41AFDFD9-32F7-49F2-8E47-367FB633EFDE}.Release|ARM.Build.0 = Release|Any CPU
		{41AFDFD9-32F7-49F2-8E47-367FB633EFDE}.Release|ARM.Deploy.0 = Release|Any CPU
		{41AFDFD9-32F7-49F2-8E47-367FB633EFDE}.Release|iPhone.ActiveCfg = Release|Any CPU
		{41AFDFD9-32F7-49F2-8E47-367FB633EFDE}.Release|iPhone.Build.0 = Release|Any CPU
		{41AFDFD9-32F7-49F2-8E47-367FB633EFDE}.Release|iPhone.Deploy.0 = Release|Any CPU
		{41AFDFD9-32F7-49F2-8E47-367FB633EFDE}.Release|iPhoneSimulator.ActiveCfg = Release|Any CPU
		{41AFDFD9-32F7-49F2-8E47-367FB633EFDE}.Release|iPhoneSimulator.Build.0 = Release|Any CPU
		{41AFDFD9-32F7-49F2-8E47-367FB633EFDE}.Release|iPhoneSimulator.Deploy.0 = Release|Any CPU
		{41AFDFD9-32F7-49F2-8E47-367FB633EFDE}.Release|x64.ActiveCfg = Release|Any CPU
		{41AFDFD9-32F7-49F2-8E47-367FB633EFDE}.Release|x64.Build.0 = Release|Any CPU
		{41AFDFD9-32F7-49F2-8E47-367FB633EFDE}.Release|x64.Deploy.0 = Release|Any CPU
		{41AFDFD9-32F7-49F2-8E47-367FB633EFDE}.Release|x86.ActiveCfg = Release|Any CPU
		{41AFDFD9-32F7-49F2-8E47-367FB633EFDE}.Release|x86.Build.0 = Release|Any CPU
		{41AFDFD9-32F7-49F2-8E47-367FB633EFDE}.Release|x86.Deploy.0 = Release|Any CPU
		{14CCC41A-441B-4A6A-B7D5-BA97E6C42E35}.Ad-Hoc|Any CPU.ActiveCfg = Ad-Hoc|iPhone
		{14CCC41A-441B-4A6A-B7D5-BA97E6C42E35}.Ad-Hoc|ARM.ActiveCfg = Ad-Hoc|iPhone
		{14CCC41A-441B-4A6A-B7D5-BA97E6C42E35}.Ad-Hoc|iPhone.ActiveCfg = Ad-Hoc|iPhone
		{14CCC41A-441B-4A6A-B7D5-BA97E6C42E35}.Ad-Hoc|iPhone.Build.0 = Ad-Hoc|iPhone
		{14CCC41A-441B-4A6A-B7D5-BA97E6C42E35}.Ad-Hoc|iPhoneSimulator.ActiveCfg = Ad-Hoc|iPhoneSimulator
		{14CCC41A-441B-4A6A-B7D5-BA97E6C42E35}.Ad-Hoc|iPhoneSimulator.Build.0 = Ad-Hoc|iPhoneSimulator
		{14CCC41A-441B-4A6A-B7D5-BA97E6C42E35}.Ad-Hoc|x64.ActiveCfg = Ad-Hoc|iPhone
		{14CCC41A-441B-4A6A-B7D5-BA97E6C42E35}.Ad-Hoc|x86.ActiveCfg = Ad-Hoc|iPhone
		{14CCC41A-441B-4A6A-B7D5-BA97E6C42E35}.AppStore|Any CPU.ActiveCfg = AppStore|iPhone
		{14CCC41A-441B-4A6A-B7D5-BA97E6C42E35}.AppStore|ARM.ActiveCfg = AppStore|iPhone
		{14CCC41A-441B-4A6A-B7D5-BA97E6C42E35}.AppStore|iPhone.ActiveCfg = AppStore|iPhone
		{14CCC41A-441B-4A6A-B7D5-BA97E6C42E35}.AppStore|iPhone.Build.0 = AppStore|iPhone
		{14CCC41A-441B-4A6A-B7D5-BA97E6C42E35}.AppStore|iPhoneSimulator.ActiveCfg = AppStore|iPhoneSimulator
		{14CCC41A-441B-4A6A-B7D5-BA97E6C42E35}.AppStore|iPhoneSimulator.Build.0 = AppStore|iPhoneSimulator
		{14CCC41A-441B-4A6A-B7D5-BA97E6C42E35}.AppStore|x64.ActiveCfg = AppStore|iPhone
		{14CCC41A-441B-4A6A-B7D5-BA97E6C42E35}.AppStore|x86.ActiveCfg = AppStore|iPhone
		{14CCC41A-441B-4A6A-B7D5-BA97E6C42E35}.Debug|Any CPU.ActiveCfg = Debug|iPhone
		{14CCC41A-441B-4A6A-B7D5-BA97E6C42E35}.Debug|ARM.ActiveCfg = Debug|iPhone
		{14CCC41A-441B-4A6A-B7D5-BA97E6C42E35}.Debug|iPhone.ActiveCfg = Debug|iPhone
		{14CCC41A-441B-4A6A-B7D5-BA97E6C42E35}.Debug|iPhone.Build.0 = Debug|iPhone
		{14CCC41A-441B-4A6A-B7D5-BA97E6C42E35}.Debug|iPhoneSimulator.ActiveCfg = Debug|iPhoneSimulator
		{14CCC41A-441B-4A6A-B7D5-BA97E6C42E35}.Debug|iPhoneSimulator.Build.0 = Debug|iPhoneSimulator
		{14CCC41A-441B-4A6A-B7D5-BA97E6C42E35}.Debug|x64.ActiveCfg = Debug|iPhone
		{14CCC41A-441B-4A6A-B7D5-BA97E6C42E35}.Debug|x86.ActiveCfg = Debug|iPhone
		{14CCC41A-441B-4A6A-B7D5-BA97E6C42E35}.Release|Any CPU.ActiveCfg = Release|iPhone
		{14CCC41A-441B-4A6A-B7D5-BA97E6C42E35}.Release|ARM.ActiveCfg = Release|iPhone
		{14CCC41A-441B-4A6A-B7D5-BA97E6C42E35}.Release|iPhone.ActiveCfg = Release|iPhone
		{14CCC41A-441B-4A6A-B7D5-BA97E6C42E35}.Release|iPhone.Build.0 = Release|iPhone
		{14CCC41A-441B-4A6A-B7D5-BA97E6C42E35}.Release|iPhoneSimulator.ActiveCfg = Release|iPhoneSimulator
		{14CCC41A-441B-4A6A-B7D5-BA97E6C42E35}.Release|iPhoneSimulator.Build.0 = Release|iPhoneSimulator
		{14CCC41A-441B-4A6A-B7D5-BA97E6C42E35}.Release|x64.ActiveCfg = Release|iPhone
		{14CCC41A-441B-4A6A-B7D5-BA97E6C42E35}.Release|x86.ActiveCfg = Release|iPhone
		{3E357418-0116-41B5-AEC5-5CE144EB8D07}.Ad-Hoc|Any CPU.ActiveCfg = Release|Any CPU
		{3E357418-0116-41B5-AEC5-5CE144EB8D07}.Ad-Hoc|Any CPU.Build.0 = Release|Any CPU
		{3E357418-0116-41B5-AEC5-5CE144EB8D07}.Ad-Hoc|Any CPU.Deploy.0 = Release|Any CPU
		{3E357418-0116-41B5-AEC5-5CE144EB8D07}.Ad-Hoc|ARM.ActiveCfg = Release|ARM
		{3E357418-0116-41B5-AEC5-5CE144EB8D07}.Ad-Hoc|ARM.Build.0 = Release|ARM
		{3E357418-0116-41B5-AEC5-5CE144EB8D07}.Ad-Hoc|ARM.Deploy.0 = Release|ARM
		{3E357418-0116-41B5-AEC5-5CE144EB8D07}.Ad-Hoc|iPhone.ActiveCfg = Release|Any CPU
		{3E357418-0116-41B5-AEC5-5CE144EB8D07}.Ad-Hoc|iPhone.Build.0 = Release|Any CPU
		{3E357418-0116-41B5-AEC5-5CE144EB8D07}.Ad-Hoc|iPhone.Deploy.0 = Release|Any CPU
		{3E357418-0116-41B5-AEC5-5CE144EB8D07}.Ad-Hoc|iPhoneSimulator.ActiveCfg = Release|Any CPU
		{3E357418-0116-41B5-AEC5-5CE144EB8D07}.Ad-Hoc|iPhoneSimulator.Build.0 = Release|Any CPU
		{3E357418-0116-41B5-AEC5-5CE144EB8D07}.Ad-Hoc|iPhoneSimulator.Deploy.0 = Release|Any CPU
		{3E357418-0116-41B5-AEC5-5CE144EB8D07}.Ad-Hoc|x64.ActiveCfg = Release|Any CPU
		{3E357418-0116-41B5-AEC5-5CE144EB8D07}.Ad-Hoc|x64.Build.0 = Release|Any CPU
		{3E357418-0116-41B5-AEC5-5CE144EB8D07}.Ad-Hoc|x64.Deploy.0 = Release|Any CPU
		{3E357418-0116-41B5-AEC5-5CE144EB8D07}.Ad-Hoc|x86.ActiveCfg = Release|x86
		{3E357418-0116-41B5-AEC5-5CE144EB8D07}.Ad-Hoc|x86.Build.0 = Release|x86
		{3E357418-0116-41B5-AEC5-5CE144EB8D07}.Ad-Hoc|x86.Deploy.0 = Release|x86
		{3E357418-0116-41B5-AEC5-5CE144EB8D07}.AppStore|Any CPU.ActiveCfg = Release|Any CPU
		{3E357418-0116-41B5-AEC5-5CE144EB8D07}.AppStore|Any CPU.Build.0 = Release|Any CPU
		{3E357418-0116-41B5-AEC5-5CE144EB8D07}.AppStore|Any CPU.Deploy.0 = Release|Any CPU
		{3E357418-0116-41B5-AEC5-5CE144EB8D07}.AppStore|ARM.ActiveCfg = Release|ARM
		{3E357418-0116-41B5-AEC5-5CE144EB8D07}.AppStore|ARM.Build.0 = Release|ARM
		{3E357418-0116-41B5-AEC5-5CE144EB8D07}.AppStore|ARM.Deploy.0 = Release|ARM
		{3E357418-0116-41B5-AEC5-5CE144EB8D07}.AppStore|iPhone.ActiveCfg = Release|Any CPU
		{3E357418-0116-41B5-AEC5-5CE144EB8D07}.AppStore|iPhone.Build.0 = Release|Any CPU
		{3E357418-0116-41B5-AEC5-5CE144EB8D07}.AppStore|iPhone.Deploy.0 = Release|Any CPU
		{3E357418-0116-41B5-AEC5-5CE144EB8D07}.AppStore|iPhoneSimulator.ActiveCfg = Release|Any CPU
		{3E357418-0116-41B5-AEC5-5CE144EB8D07}.AppStore|iPhoneSimulator.Build.0 = Release|Any CPU
		{3E357418-0116-41B5-AEC5-5CE144EB8D07}.AppStore|iPhoneSimulator.Deploy.0 = Release|Any CPU
		{3E357418-0116-41B5-AEC5-5CE144EB8D07}.AppStore|x64.ActiveCfg = Release|Any CPU
		{3E357418-0116-41B5-AEC5-5CE144EB8D07}.AppStore|x64.Build.0 = Release|Any CPU
		{3E357418-0116-41B5-AEC5-5CE144EB8D07}.AppStore|x64.Deploy.0 = Release|Any CPU
		{3E357418-0116-41B5-AEC5-5CE144EB8D07}.AppStore|x86.ActiveCfg = Release|x86
		{3E357418-0116-41B5-AEC5-5CE144EB8D07}.AppStore|x86.Build.0 = Release|x86
		{3E357418-0116-41B5-AEC5-5CE144EB8D07}.AppStore|x86.Deploy.0 = Release|x86
		{3E357418-0116-41B5-AEC5-5CE144EB8D07}.Debug|Any CPU.ActiveCfg = Debug|Any CPU
		{3E357418-0116-41B5-AEC5-5CE144EB8D07}.Debug|Any CPU.Build.0 = Debug|Any CPU
		{3E357418-0116-41B5-AEC5-5CE144EB8D07}.Debug|Any CPU.Deploy.0 = Debug|Any CPU
		{3E357418-0116-41B5-AEC5-5CE144EB8D07}.Debug|ARM.ActiveCfg = Debug|ARM
		{3E357418-0116-41B5-AEC5-5CE144EB8D07}.Debug|ARM.Build.0 = Debug|ARM
		{3E357418-0116-41B5-AEC5-5CE144EB8D07}.Debug|ARM.Deploy.0 = Debug|ARM
		{3E357418-0116-41B5-AEC5-5CE144EB8D07}.Debug|iPhone.ActiveCfg = Debug|Any CPU
		{3E357418-0116-41B5-AEC5-5CE144EB8D07}.Debug|iPhone.Build.0 = Debug|Any CPU
		{3E357418-0116-41B5-AEC5-5CE144EB8D07}.Debug|iPhone.Deploy.0 = Debug|Any CPU
		{3E357418-0116-41B5-AEC5-5CE144EB8D07}.Debug|iPhoneSimulator.ActiveCfg = Debug|Any CPU
		{3E357418-0116-41B5-AEC5-5CE144EB8D07}.Debug|iPhoneSimulator.Build.0 = Debug|Any CPU
		{3E357418-0116-41B5-AEC5-5CE144EB8D07}.Debug|iPhoneSimulator.Deploy.0 = Debug|Any CPU
		{3E357418-0116-41B5-AEC5-5CE144EB8D07}.Debug|x64.ActiveCfg = Debug|Any CPU
		{3E357418-0116-41B5-AEC5-5CE144EB8D07}.Debug|x64.Build.0 = Debug|Any CPU
		{3E357418-0116-41B5-AEC5-5CE144EB8D07}.Debug|x64.Deploy.0 = Debug|Any CPU
		{3E357418-0116-41B5-AEC5-5CE144EB8D07}.Debug|x86.ActiveCfg = Debug|x86
		{3E357418-0116-41B5-AEC5-5CE144EB8D07}.Debug|x86.Build.0 = Debug|x86
		{3E357418-0116-41B5-AEC5-5CE144EB8D07}.Debug|x86.Deploy.0 = Debug|x86
		{3E357418-0116-41B5-AEC5-5CE144EB8D07}.Release|Any CPU.ActiveCfg = Release|Any CPU
		{3E357418-0116-41B5-AEC5-5CE144EB8D07}.Release|Any CPU.Build.0 = Release|Any CPU
		{3E357418-0116-41B5-AEC5-5CE144EB8D07}.Release|Any CPU.Deploy.0 = Release|Any CPU
		{3E357418-0116-41B5-AEC5-5CE144EB8D07}.Release|ARM.ActiveCfg = Release|ARM
		{3E357418-0116-41B5-AEC5-5CE144EB8D07}.Release|ARM.Build.0 = Release|ARM
		{3E357418-0116-41B5-AEC5-5CE144EB8D07}.Release|ARM.Deploy.0 = Release|ARM
		{3E357418-0116-41B5-AEC5-5CE144EB8D07}.Release|iPhone.ActiveCfg = Release|Any CPU
		{3E357418-0116-41B5-AEC5-5CE144EB8D07}.Release|iPhone.Build.0 = Release|Any CPU
		{3E357418-0116-41B5-AEC5-5CE144EB8D07}.Release|iPhone.Deploy.0 = Release|Any CPU
		{3E357418-0116-41B5-AEC5-5CE144EB8D07}.Release|iPhoneSimulator.ActiveCfg = Release|Any CPU
		{3E357418-0116-41B5-AEC5-5CE144EB8D07}.Release|iPhoneSimulator.Build.0 = Release|Any CPU
		{3E357418-0116-41B5-AEC5-5CE144EB8D07}.Release|iPhoneSimulator.Deploy.0 = Release|Any CPU
		{3E357418-0116-41B5-AEC5-5CE144EB8D07}.Release|x64.ActiveCfg = Release|Any CPU
		{3E357418-0116-41B5-AEC5-5CE144EB8D07}.Release|x64.Build.0 = Release|Any CPU
		{3E357418-0116-41B5-AEC5-5CE144EB8D07}.Release|x64.Deploy.0 = Release|Any CPU
		{3E357418-0116-41B5-AEC5-5CE144EB8D07}.Release|x86.ActiveCfg = Release|x86
		{3E357418-0116-41B5-AEC5-5CE144EB8D07}.Release|x86.Build.0 = Release|x86
		{3E357418-0116-41B5-AEC5-5CE144EB8D07}.Release|x86.Deploy.0 = Release|x86
		{2FD3D3B5-1965-4AC5-8ACE-FABE8B57A86A}.Ad-Hoc|Any CPU.ActiveCfg = Release|Any CPU
		{2FD3D3B5-1965-4AC5-8ACE-FABE8B57A86A}.Ad-Hoc|Any CPU.Build.0 = Release|Any CPU
		{2FD3D3B5-1965-4AC5-8ACE-FABE8B57A86A}.Ad-Hoc|Any CPU.Deploy.0 = Release|Any CPU
		{2FD3D3B5-1965-4AC5-8ACE-FABE8B57A86A}.Ad-Hoc|ARM.ActiveCfg = Release|ARM
		{2FD3D3B5-1965-4AC5-8ACE-FABE8B57A86A}.Ad-Hoc|ARM.Build.0 = Release|ARM
		{2FD3D3B5-1965-4AC5-8ACE-FABE8B57A86A}.Ad-Hoc|ARM.Deploy.0 = Release|ARM
		{2FD3D3B5-1965-4AC5-8ACE-FABE8B57A86A}.Ad-Hoc|iPhone.ActiveCfg = Release|Any CPU
		{2FD3D3B5-1965-4AC5-8ACE-FABE8B57A86A}.Ad-Hoc|iPhone.Build.0 = Release|Any CPU
		{2FD3D3B5-1965-4AC5-8ACE-FABE8B57A86A}.Ad-Hoc|iPhone.Deploy.0 = Release|Any CPU
		{2FD3D3B5-1965-4AC5-8ACE-FABE8B57A86A}.Ad-Hoc|iPhoneSimulator.ActiveCfg = Release|Any CPU
		{2FD3D3B5-1965-4AC5-8ACE-FABE8B57A86A}.Ad-Hoc|iPhoneSimulator.Build.0 = Release|Any CPU
		{2FD3D3B5-1965-4AC5-8ACE-FABE8B57A86A}.Ad-Hoc|iPhoneSimulator.Deploy.0 = Release|Any CPU
		{2FD3D3B5-1965-4AC5-8ACE-FABE8B57A86A}.Ad-Hoc|x64.ActiveCfg = Release|x64
		{2FD3D3B5-1965-4AC5-8ACE-FABE8B57A86A}.Ad-Hoc|x64.Build.0 = Release|x64
		{2FD3D3B5-1965-4AC5-8ACE-FABE8B57A86A}.Ad-Hoc|x64.Deploy.0 = Release|x64
		{2FD3D3B5-1965-4AC5-8ACE-FABE8B57A86A}.Ad-Hoc|x86.ActiveCfg = Release|x86
		{2FD3D3B5-1965-4AC5-8ACE-FABE8B57A86A}.Ad-Hoc|x86.Build.0 = Release|x86
		{2FD3D3B5-1965-4AC5-8ACE-FABE8B57A86A}.Ad-Hoc|x86.Deploy.0 = Release|x86
		{2FD3D3B5-1965-4AC5-8ACE-FABE8B57A86A}.AppStore|Any CPU.ActiveCfg = Release|Any CPU
		{2FD3D3B5-1965-4AC5-8ACE-FABE8B57A86A}.AppStore|Any CPU.Build.0 = Release|Any CPU
		{2FD3D3B5-1965-4AC5-8ACE-FABE8B57A86A}.AppStore|Any CPU.Deploy.0 = Release|Any CPU
		{2FD3D3B5-1965-4AC5-8ACE-FABE8B57A86A}.AppStore|ARM.ActiveCfg = Release|ARM
		{2FD3D3B5-1965-4AC5-8ACE-FABE8B57A86A}.AppStore|ARM.Build.0 = Release|ARM
		{2FD3D3B5-1965-4AC5-8ACE-FABE8B57A86A}.AppStore|ARM.Deploy.0 = Release|ARM
		{2FD3D3B5-1965-4AC5-8ACE-FABE8B57A86A}.AppStore|iPhone.ActiveCfg = Release|Any CPU
		{2FD3D3B5-1965-4AC5-8ACE-FABE8B57A86A}.AppStore|iPhone.Build.0 = Release|Any CPU
		{2FD3D3B5-1965-4AC5-8ACE-FABE8B57A86A}.AppStore|iPhone.Deploy.0 = Release|Any CPU
		{2FD3D3B5-1965-4AC5-8ACE-FABE8B57A86A}.AppStore|iPhoneSimulator.ActiveCfg = Release|Any CPU
		{2FD3D3B5-1965-4AC5-8ACE-FABE8B57A86A}.AppStore|iPhoneSimulator.Build.0 = Release|Any CPU
		{2FD3D3B5-1965-4AC5-8ACE-FABE8B57A86A}.AppStore|iPhoneSimulator.Deploy.0 = Release|Any CPU
		{2FD3D3B5-1965-4AC5-8ACE-FABE8B57A86A}.AppStore|x64.ActiveCfg = Release|x64
		{2FD3D3B5-1965-4AC5-8ACE-FABE8B57A86A}.AppStore|x64.Build.0 = Release|x64
		{2FD3D3B5-1965-4AC5-8ACE-FABE8B57A86A}.AppStore|x64.Deploy.0 = Release|x64
		{2FD3D3B5-1965-4AC5-8ACE-FABE8B57A86A}.AppStore|x86.ActiveCfg = Release|x86
		{2FD3D3B5-1965-4AC5-8ACE-FABE8B57A86A}.AppStore|x86.Build.0 = Release|x86
		{2FD3D3B5-1965-4AC5-8ACE-FABE8B57A86A}.AppStore|x86.Deploy.0 = Release|x86
		{2FD3D3B5-1965-4AC5-8ACE-FABE8B57A86A}.Debug|Any CPU.ActiveCfg = Debug|Any CPU
		{2FD3D3B5-1965-4AC5-8ACE-FABE8B57A86A}.Debug|Any CPU.Build.0 = Debug|Any CPU
		{2FD3D3B5-1965-4AC5-8ACE-FABE8B57A86A}.Debug|Any CPU.Deploy.0 = Debug|Any CPU
		{2FD3D3B5-1965-4AC5-8ACE-FABE8B57A86A}.Debug|ARM.ActiveCfg = Debug|ARM
		{2FD3D3B5-1965-4AC5-8ACE-FABE8B57A86A}.Debug|ARM.Build.0 = Debug|ARM
		{2FD3D3B5-1965-4AC5-8ACE-FABE8B57A86A}.Debug|ARM.Deploy.0 = Debug|ARM
		{2FD3D3B5-1965-4AC5-8ACE-FABE8B57A86A}.Debug|iPhone.ActiveCfg = Debug|Any CPU
		{2FD3D3B5-1965-4AC5-8ACE-FABE8B57A86A}.Debug|iPhone.Build.0 = Debug|Any CPU
		{2FD3D3B5-1965-4AC5-8ACE-FABE8B57A86A}.Debug|iPhone.Deploy.0 = Debug|Any CPU
		{2FD3D3B5-1965-4AC5-8ACE-FABE8B57A86A}.Debug|iPhoneSimulator.ActiveCfg = Debug|Any CPU
		{2FD3D3B5-1965-4AC5-8ACE-FABE8B57A86A}.Debug|iPhoneSimulator.Build.0 = Debug|Any CPU
		{2FD3D3B5-1965-4AC5-8ACE-FABE8B57A86A}.Debug|iPhoneSimulator.Deploy.0 = Debug|Any CPU
		{2FD3D3B5-1965-4AC5-8ACE-FABE8B57A86A}.Debug|x64.ActiveCfg = Debug|x64
		{2FD3D3B5-1965-4AC5-8ACE-FABE8B57A86A}.Debug|x64.Build.0 = Debug|x64
		{2FD3D3B5-1965-4AC5-8ACE-FABE8B57A86A}.Debug|x64.Deploy.0 = Debug|x64
		{2FD3D3B5-1965-4AC5-8ACE-FABE8B57A86A}.Debug|x86.ActiveCfg = Debug|x86
		{2FD3D3B5-1965-4AC5-8ACE-FABE8B57A86A}.Debug|x86.Build.0 = Debug|x86
		{2FD3D3B5-1965-4AC5-8ACE-FABE8B57A86A}.Debug|x86.Deploy.0 = Debug|x86
		{2FD3D3B5-1965-4AC5-8ACE-FABE8B57A86A}.Release|Any CPU.ActiveCfg = Release|Any CPU
		{2FD3D3B5-1965-4AC5-8ACE-FABE8B57A86A}.Release|Any CPU.Build.0 = Release|Any CPU
		{2FD3D3B5-1965-4AC5-8ACE-FABE8B57A86A}.Release|Any CPU.Deploy.0 = Release|Any CPU
		{2FD3D3B5-1965-4AC5-8ACE-FABE8B57A86A}.Release|ARM.ActiveCfg = Release|ARM
		{2FD3D3B5-1965-4AC5-8ACE-FABE8B57A86A}.Release|ARM.Build.0 = Release|ARM
		{2FD3D3B5-1965-4AC5-8ACE-FABE8B57A86A}.Release|ARM.Deploy.0 = Release|ARM
		{2FD3D3B5-1965-4AC5-8ACE-FABE8B57A86A}.Release|iPhone.ActiveCfg = Release|Any CPU
		{2FD3D3B5-1965-4AC5-8ACE-FABE8B57A86A}.Release|iPhone.Build.0 = Release|Any CPU
		{2FD3D3B5-1965-4AC5-8ACE-FABE8B57A86A}.Release|iPhone.Deploy.0 = Release|Any CPU
		{2FD3D3B5-1965-4AC5-8ACE-FABE8B57A86A}.Release|iPhoneSimulator.ActiveCfg = Release|Any CPU
		{2FD3D3B5-1965-4AC5-8ACE-FABE8B57A86A}.Release|iPhoneSimulator.Build.0 = Release|Any CPU
		{2FD3D3B5-1965-4AC5-8ACE-FABE8B57A86A}.Release|iPhoneSimulator.Deploy.0 = Release|Any CPU
		{2FD3D3B5-1965-4AC5-8ACE-FABE8B57A86A}.Release|x64.ActiveCfg = Release|x64
		{2FD3D3B5-1965-4AC5-8ACE-FABE8B57A86A}.Release|x64.Build.0 = Release|x64
		{2FD3D3B5-1965-4AC5-8ACE-FABE8B57A86A}.Release|x64.Deploy.0 = Release|x64
		{2FD3D3B5-1965-4AC5-8ACE-FABE8B57A86A}.Release|x86.ActiveCfg = Release|x86
		{2FD3D3B5-1965-4AC5-8ACE-FABE8B57A86A}.Release|x86.Build.0 = Release|x86
		{2FD3D3B5-1965-4AC5-8ACE-FABE8B57A86A}.Release|x86.Deploy.0 = Release|x86
		{41E5A73A-DF6A-4995-80B2-3C9FCBCB6DE5}.Ad-Hoc|Any CPU.ActiveCfg = Release|Any CPU
		{41E5A73A-DF6A-4995-80B2-3C9FCBCB6DE5}.Ad-Hoc|Any CPU.Build.0 = Release|Any CPU
		{41E5A73A-DF6A-4995-80B2-3C9FCBCB6DE5}.Ad-Hoc|ARM.ActiveCfg = Release|Any CPU
		{41E5A73A-DF6A-4995-80B2-3C9FCBCB6DE5}.Ad-Hoc|ARM.Build.0 = Release|Any CPU
		{41E5A73A-DF6A-4995-80B2-3C9FCBCB6DE5}.Ad-Hoc|iPhone.ActiveCfg = Release|Any CPU
		{41E5A73A-DF6A-4995-80B2-3C9FCBCB6DE5}.Ad-Hoc|iPhone.Build.0 = Release|Any CPU
		{41E5A73A-DF6A-4995-80B2-3C9FCBCB6DE5}.Ad-Hoc|iPhoneSimulator.ActiveCfg = Release|Any CPU
		{41E5A73A-DF6A-4995-80B2-3C9FCBCB6DE5}.Ad-Hoc|iPhoneSimulator.Build.0 = Release|Any CPU
		{41E5A73A-DF6A-4995-80B2-3C9FCBCB6DE5}.Ad-Hoc|x64.ActiveCfg = Release|Any CPU
		{41E5A73A-DF6A-4995-80B2-3C9FCBCB6DE5}.Ad-Hoc|x64.Build.0 = Release|Any CPU
		{41E5A73A-DF6A-4995-80B2-3C9FCBCB6DE5}.Ad-Hoc|x86.ActiveCfg = Release|Any CPU
		{41E5A73A-DF6A-4995-80B2-3C9FCBCB6DE5}.Ad-Hoc|x86.Build.0 = Release|Any CPU
		{41E5A73A-DF6A-4995-80B2-3C9FCBCB6DE5}.AppStore|Any CPU.ActiveCfg = Release|Any CPU
		{41E5A73A-DF6A-4995-80B2-3C9FCBCB6DE5}.AppStore|Any CPU.Build.0 = Release|Any CPU
		{41E5A73A-DF6A-4995-80B2-3C9FCBCB6DE5}.AppStore|ARM.ActiveCfg = Release|Any CPU
		{41E5A73A-DF6A-4995-80B2-3C9FCBCB6DE5}.AppStore|ARM.Build.0 = Release|Any CPU
		{41E5A73A-DF6A-4995-80B2-3C9FCBCB6DE5}.AppStore|iPhone.ActiveCfg = Release|Any CPU
		{41E5A73A-DF6A-4995-80B2-3C9FCBCB6DE5}.AppStore|iPhone.Build.0 = Release|Any CPU
		{41E5A73A-DF6A-4995-80B2-3C9FCBCB6DE5}.AppStore|iPhoneSimulator.ActiveCfg = Release|Any CPU
		{41E5A73A-DF6A-4995-80B2-3C9FCBCB6DE5}.AppStore|iPhoneSimulator.Build.0 = Release|Any CPU
		{41E5A73A-DF6A-4995-80B2-3C9FCBCB6DE5}.AppStore|x64.ActiveCfg = Release|Any CPU
		{41E5A73A-DF6A-4995-80B2-3C9FCBCB6DE5}.AppStore|x64.Build.0 = Release|Any CPU
		{41E5A73A-DF6A-4995-80B2-3C9FCBCB6DE5}.AppStore|x86.ActiveCfg = Release|Any CPU
		{41E5A73A-DF6A-4995-80B2-3C9FCBCB6DE5}.AppStore|x86.Build.0 = Release|Any CPU
		{41E5A73A-DF6A-4995-80B2-3C9FCBCB6DE5}.Debug|Any CPU.ActiveCfg = Debug|Any CPU
		{41E5A73A-DF6A-4995-80B2-3C9FCBCB6DE5}.Debug|Any CPU.Build.0 = Debug|Any CPU
		{41E5A73A-DF6A-4995-80B2-3C9FCBCB6DE5}.Debug|ARM.ActiveCfg = Debug|Any CPU
		{41E5A73A-DF6A-4995-80B2-3C9FCBCB6DE5}.Debug|ARM.Build.0 = Debug|Any CPU
		{41E5A73A-DF6A-4995-80B2-3C9FCBCB6DE5}.Debug|iPhone.ActiveCfg = Debug|Any CPU
		{41E5A73A-DF6A-4995-80B2-3C9FCBCB6DE5}.Debug|iPhone.Build.0 = Debug|Any CPU
		{41E5A73A-DF6A-4995-80B2-3C9FCBCB6DE5}.Debug|iPhoneSimulator.ActiveCfg = Debug|Any CPU
		{41E5A73A-DF6A-4995-80B2-3C9FCBCB6DE5}.Debug|iPhoneSimulator.Build.0 = Debug|Any CPU
		{41E5A73A-DF6A-4995-80B2-3C9FCBCB6DE5}.Debug|x64.ActiveCfg = Debug|Any CPU
		{41E5A73A-DF6A-4995-80B2-3C9FCBCB6DE5}.Debug|x64.Build.0 = Debug|Any CPU
		{41E5A73A-DF6A-4995-80B2-3C9FCBCB6DE5}.Debug|x86.ActiveCfg = Debug|Any CPU
		{41E5A73A-DF6A-4995-80B2-3C9FCBCB6DE5}.Debug|x86.Build.0 = Debug|Any CPU
		{41E5A73A-DF6A-4995-80B2-3C9FCBCB6DE5}.Release|Any CPU.ActiveCfg = Release|Any CPU
		{41E5A73A-DF6A-4995-80B2-3C9FCBCB6DE5}.Release|Any CPU.Build.0 = Release|Any CPU
		{41E5A73A-DF6A-4995-80B2-3C9FCBCB6DE5}.Release|ARM.ActiveCfg = Release|Any CPU
		{41E5A73A-DF6A-4995-80B2-3C9FCBCB6DE5}.Release|ARM.Build.0 = Release|Any CPU
		{41E5A73A-DF6A-4995-80B2-3C9FCBCB6DE5}.Release|iPhone.ActiveCfg = Release|Any CPU
		{41E5A73A-DF6A-4995-80B2-3C9FCBCB6DE5}.Release|iPhone.Build.0 = Release|Any CPU
		{41E5A73A-DF6A-4995-80B2-3C9FCBCB6DE5}.Release|iPhoneSimulator.ActiveCfg = Release|Any CPU
		{41E5A73A-DF6A-4995-80B2-3C9FCBCB6DE5}.Release|iPhoneSimulator.Build.0 = Release|Any CPU
		{41E5A73A-DF6A-4995-80B2-3C9FCBCB6DE5}.Release|x64.ActiveCfg = Release|Any CPU
		{41E5A73A-DF6A-4995-80B2-3C9FCBCB6DE5}.Release|x64.Build.0 = Release|Any CPU
		{41E5A73A-DF6A-4995-80B2-3C9FCBCB6DE5}.Release|x86.ActiveCfg = Release|Any CPU
		{41E5A73A-DF6A-4995-80B2-3C9FCBCB6DE5}.Release|x86.Build.0 = Release|Any CPU
	EndGlobalSection
	GlobalSection(SolutionProperties) = preSolution
		HideSolutionNode = FALSE
	EndGlobalSection
EndGlobal
